// !$*UTF8*$!
{
	archiveVersion = 1;
	classes = {
	};
	objectVersion = 55;
	objects = {

/* Begin PBXBuildFile section */
		7F2F4BE128843C5100660C6F /* NewsTableViewCell.swift in Sources */ = {isa = PBXBuildFile; fileRef = 7F2F4BE028843C5100660C6F /* NewsTableViewCell.swift */; };
		7F7AAFAE282E792100FF5AEE /* WeatherForecastCollectionViewCell.swift in Sources */ = {isa = PBXBuildFile; fileRef = 7F7AAFAD282E792100FF5AEE /* WeatherForecastCollectionViewCell.swift */; };
		7F7AAFB0283119A200FF5AEE /* DetailWeatherForecastViewController.swift in Sources */ = {isa = PBXBuildFile; fileRef = 7F7AAFAF283119A200FF5AEE /* DetailWeatherForecastViewController.swift */; };
		7F7AAFB2283119C200FF5AEE /* DetailWeatherForecastPresenter.swift in Sources */ = {isa = PBXBuildFile; fileRef = 7F7AAFB1283119C200FF5AEE /* DetailWeatherForecastPresenter.swift */; };
		7F7AAFB52835118A00FF5AEE /* Router.swift in Sources */ = {isa = PBXBuildFile; fileRef = 7F7AAFB42835118A00FF5AEE /* Router.swift */; };
		7F7AAFB728364CC700FF5AEE /* TwoLabelStack.swift in Sources */ = {isa = PBXBuildFile; fileRef = 7F7AAFB628364CC700FF5AEE /* TwoLabelStack.swift */; };
		7FBB59B0281BBCB000004410 /* AppDelegate.swift in Sources */ = {isa = PBXBuildFile; fileRef = 7FBB59AF281BBCB000004410 /* AppDelegate.swift */; };
		7FBB59B2281BBCB000004410 /* SceneDelegate.swift in Sources */ = {isa = PBXBuildFile; fileRef = 7FBB59B1281BBCB000004410 /* SceneDelegate.swift */; };
		7FBB59B4281BBCB000004410 /* NewsViewController.swift in Sources */ = {isa = PBXBuildFile; fileRef = 7FBB59B3281BBCB000004410 /* NewsViewController.swift */; };
		7FBB59B7281BBCB000004410 /* Main.storyboard in Resources */ = {isa = PBXBuildFile; fileRef = 7FBB59B5281BBCB000004410 /* Main.storyboard */; };
		7FBB59B9281BBCB200004410 /* Assets.xcassets in Resources */ = {isa = PBXBuildFile; fileRef = 7FBB59B8281BBCB200004410 /* Assets.xcassets */; };
		7FBB59BC281BBCB200004410 /* LaunchScreen.storyboard in Resources */ = {isa = PBXBuildFile; fileRef = 7FBB59BA281BBCB200004410 /* LaunchScreen.storyboard */; };
		7FBB59C4281BC6C800004410 /* NewsPresenter.swift in Sources */ = {isa = PBXBuildFile; fileRef = 7FBB59C3281BC6C800004410 /* NewsPresenter.swift */; };
		7FBB59C6281BC85500004410 /* News.swift in Sources */ = {isa = PBXBuildFile; fileRef = 7FBB59C5281BC85500004410 /* News.swift */; };
		7FBB59C9281C12C900004410 /* AssemblyModuleBuilder.swift in Sources */ = {isa = PBXBuildFile; fileRef = 7FBB59C8281C12C900004410 /* AssemblyModuleBuilder.swift */; };
		7FBB59CD281D605900004410 /* NetworkService.swift in Sources */ = {isa = PBXBuildFile; fileRef = 7FBB59CC281D605900004410 /* NetworkService.swift */; };
		7FBB59CF281FF98B00004410 /* WeatherForecastViewController.swift in Sources */ = {isa = PBXBuildFile; fileRef = 7FBB59CE281FF98B00004410 /* WeatherForecastViewController.swift */; };
		7FBB59D12820003B00004410 /* WeatherForecast.swift in Sources */ = {isa = PBXBuildFile; fileRef = 7FBB59D02820003B00004410 /* WeatherForecast.swift */; };
		7FBB59D42820014E00004410 /* WeatherForecastPresenter.swift in Sources */ = {isa = PBXBuildFile; fileRef = 7FBB59D32820014E00004410 /* WeatherForecastPresenter.swift */; };
		7FC75866283FABB90072E791 /* DetailNewsViewController.swift in Sources */ = {isa = PBXBuildFile; fileRef = 7FC75865283FABB90072E791 /* DetailNewsViewController.swift */; };
		7FC75869283FAC080072E791 /* DetailNewsPresenter.swift in Sources */ = {isa = PBXBuildFile; fileRef = 7FC75868283FAC080072E791 /* DetailNewsPresenter.swift */; };
/* End PBXBuildFile section */

/* Begin PBXFileReference section */
		7F2F4BE028843C5100660C6F /* NewsTableViewCell.swift */ = {isa = PBXFileReference; lastKnownFileType = sourcecode.swift; path = NewsTableViewCell.swift; sourceTree = "<group>"; };
		7F7AAFAD282E792100FF5AEE /* WeatherForecastCollectionViewCell.swift */ = {isa = PBXFileReference; lastKnownFileType = sourcecode.swift; path = WeatherForecastCollectionViewCell.swift; sourceTree = "<group>"; };
		7F7AAFAF283119A200FF5AEE /* DetailWeatherForecastViewController.swift */ = {isa = PBXFileReference; lastKnownFileType = sourcecode.swift; path = DetailWeatherForecastViewController.swift; sourceTree = "<group>"; };
		7F7AAFB1283119C200FF5AEE /* DetailWeatherForecastPresenter.swift */ = {isa = PBXFileReference; lastKnownFileType = sourcecode.swift; path = DetailWeatherForecastPresenter.swift; sourceTree = "<group>"; };
		7F7AAFB42835118A00FF5AEE /* Router.swift */ = {isa = PBXFileReference; lastKnownFileType = sourcecode.swift; path = Router.swift; sourceTree = "<group>"; };
		7F7AAFB628364CC700FF5AEE /* TwoLabelStack.swift */ = {isa = PBXFileReference; lastKnownFileType = sourcecode.swift; path = TwoLabelStack.swift; sourceTree = "<group>"; };
		7FBB59AC281BBCB000004410 /* NWF.app */ = {isa = PBXFileReference; explicitFileType = wrapper.application; includeInIndex = 0; path = NWF.app; sourceTree = BUILT_PRODUCTS_DIR; };
		7FBB59AF281BBCB000004410 /* AppDelegate.swift */ = {isa = PBXFileReference; lastKnownFileType = sourcecode.swift; path = AppDelegate.swift; sourceTree = "<group>"; };
		7FBB59B1281BBCB000004410 /* SceneDelegate.swift */ = {isa = PBXFileReference; lastKnownFileType = sourcecode.swift; path = SceneDelegate.swift; sourceTree = "<group>"; };
		7FBB59B3281BBCB000004410 /* NewsViewController.swift */ = {isa = PBXFileReference; lastKnownFileType = sourcecode.swift; path = NewsViewController.swift; sourceTree = "<group>"; };
		7FBB59B6281BBCB000004410 /* Base */ = {isa = PBXFileReference; lastKnownFileType = file.storyboard; name = Base; path = Base.lproj/Main.storyboard; sourceTree = "<group>"; };
		7FBB59B8281BBCB200004410 /* Assets.xcassets */ = {isa = PBXFileReference; lastKnownFileType = folder.assetcatalog; path = Assets.xcassets; sourceTree = "<group>"; };
		7FBB59BB281BBCB200004410 /* Base */ = {isa = PBXFileReference; lastKnownFileType = file.storyboard; name = Base; path = Base.lproj/LaunchScreen.storyboard; sourceTree = "<group>"; };
		7FBB59BD281BBCB200004410 /* Info.plist */ = {isa = PBXFileReference; lastKnownFileType = text.plist.xml; path = Info.plist; sourceTree = "<group>"; };
		7FBB59C3281BC6C800004410 /* NewsPresenter.swift */ = {isa = PBXFileReference; lastKnownFileType = sourcecode.swift; path = NewsPresenter.swift; sourceTree = "<group>"; };
		7FBB59C5281BC85500004410 /* News.swift */ = {isa = PBXFileReference; lastKnownFileType = sourcecode.swift; path = News.swift; sourceTree = "<group>"; };
		7FBB59C8281C12C900004410 /* AssemblyModuleBuilder.swift */ = {isa = PBXFileReference; lastKnownFileType = sourcecode.swift; path = AssemblyModuleBuilder.swift; sourceTree = "<group>"; };
		7FBB59CC281D605900004410 /* NetworkService.swift */ = {isa = PBXFileReference; lastKnownFileType = sourcecode.swift; path = NetworkService.swift; sourceTree = "<group>"; };
		7FBB59CE281FF98B00004410 /* WeatherForecastViewController.swift */ = {isa = PBXFileReference; lastKnownFileType = sourcecode.swift; path = WeatherForecastViewController.swift; sourceTree = "<group>"; };
		7FBB59D02820003B00004410 /* WeatherForecast.swift */ = {isa = PBXFileReference; lastKnownFileType = sourcecode.swift; path = WeatherForecast.swift; sourceTree = "<group>"; };
		7FBB59D32820014E00004410 /* WeatherForecastPresenter.swift */ = {isa = PBXFileReference; lastKnownFileType = sourcecode.swift; path = WeatherForecastPresenter.swift; sourceTree = "<group>"; };
		7FC75865283FABB90072E791 /* DetailNewsViewController.swift */ = {isa = PBXFileReference; lastKnownFileType = sourcecode.swift; path = DetailNewsViewController.swift; sourceTree = "<group>"; };
		7FC75868283FAC080072E791 /* DetailNewsPresenter.swift */ = {isa = PBXFileReference; lastKnownFileType = sourcecode.swift; path = DetailNewsPresenter.swift; sourceTree = "<group>"; };
/* End PBXFileReference section */

/* Begin PBXFrameworksBuildPhase section */
		7FBB59A9281BBCB000004410 /* Frameworks */ = {
			isa = PBXFrameworksBuildPhase;
			buildActionMask = 2147483647;
			files = (
			);
			runOnlyForDeploymentPostprocessing = 0;
		};
/* End PBXFrameworksBuildPhase section */

/* Begin PBXGroup section */
		7F2F4BD62884386300660C6F /* View */ = {
			isa = PBXGroup;
			children = (
				7FBB59B3281BBCB000004410 /* NewsViewController.swift */,
				7F2F4BE028843C5100660C6F /* NewsTableViewCell.swift */,
			);
			path = View;
			sourceTree = "<group>";
		};
		7F2F4BD72884386D00660C6F /* Model */ = {
			isa = PBXGroup;
			children = (
				7FBB59C5281BC85500004410 /* News.swift */,
			);
			path = Model;
			sourceTree = "<group>";
		};
		7F2F4BD82884387D00660C6F /* Presenter */ = {
			isa = PBXGroup;
			children = (
				7FBB59C3281BC6C800004410 /* NewsPresenter.swift */,
			);
			path = Presenter;
			sourceTree = "<group>";
		};
		7F2F4BD92884389500660C6F /* View */ = {
			isa = PBXGroup;
			children = (
				7FC75865283FABB90072E791 /* DetailNewsViewController.swift */,
			);
			path = View;
			sourceTree = "<group>";
		};
		7F2F4BDA2884389E00660C6F /* Presenter */ = {
			isa = PBXGroup;
			children = (
				7FC75868283FAC080072E791 /* DetailNewsPresenter.swift */,
			);
			path = Presenter;
			sourceTree = "<group>";
		};
		7F2F4BDB288438B300660C6F /* View */ = {
			isa = PBXGroup;
			children = (
				7FBB59CE281FF98B00004410 /* WeatherForecastViewController.swift */,
				7F7AAFAD282E792100FF5AEE /* WeatherForecastCollectionViewCell.swift */,
				7F7AAFB628364CC700FF5AEE /* TwoLabelStack.swift */,
			);
			path = View;
			sourceTree = "<group>";
		};
		7F2F4BDC288438BD00660C6F /* Model */ = {
			isa = PBXGroup;
			children = (
				7FBB59D02820003B00004410 /* WeatherForecast.swift */,
			);
			path = Model;
			sourceTree = "<group>";
		};
		7F2F4BDD288438C800660C6F /* Presenter */ = {
			isa = PBXGroup;
			children = (
				7FBB59D32820014E00004410 /* WeatherForecastPresenter.swift */,
			);
			path = Presenter;
			sourceTree = "<group>";
		};
		7F2F4BDE288438D900660C6F /* View */ = {
			isa = PBXGroup;
			children = (
				7F7AAFAF283119A200FF5AEE /* DetailWeatherForecastViewController.swift */,
			);
			path = View;
			sourceTree = "<group>";
		};
		7F2F4BDF288438E000660C6F /* Presenter */ = {
			isa = PBXGroup;
			children = (
				7F7AAFB1283119C200FF5AEE /* DetailWeatherForecastPresenter.swift */,
			);
			path = Presenter;
			sourceTree = "<group>";
		};
		7F7AAFB32833782900FF5AEE /* DetailWeatherForecastModule */ = {
			isa = PBXGroup;
			children = (
				7F2F4BDE288438D900660C6F /* View */,
				7F2F4BDF288438E000660C6F /* Presenter */,
			);
			path = DetailWeatherForecastModule;
			sourceTree = "<group>";
		};
		7FBB59A3281BBCB000004410 = {
			isa = PBXGroup;
			children = (
				7FBB59AE281BBCB000004410 /* NWF */,
				7FBB59AD281BBCB000004410 /* Products */,
			);
			sourceTree = "<group>";
		};
		7FBB59AD281BBCB000004410 /* Products */ = {
			isa = PBXGroup;
			children = (
				7FBB59AC281BBCB000004410 /* NWF.app */,
			);
			name = Products;
			sourceTree = "<group>";
		};
		7FBB59AE281BBCB000004410 /* NWF */ = {
			isa = PBXGroup;
			children = (
				7FBB59AF281BBCB000004410 /* AppDelegate.swift */,
				7FBB59B1281BBCB000004410 /* SceneDelegate.swift */,
				7FBB59C8281C12C900004410 /* AssemblyModuleBuilder.swift */,
				7F7AAFB42835118A00FF5AEE /* Router.swift */,
				7FBB59CC281D605900004410 /* NetworkService.swift */,
				7FBB59C7281C0E5D00004410 /* NewsModule */,
				7FC75867283FABD00072E791 /* DetailNewsModule */,
				7FBB59D2282000D300004410 /* WeatherModule */,
				7F7AAFB32833782900FF5AEE /* DetailWeatherForecastModule */,
				7FBB59B5281BBCB000004410 /* Main.storyboard */,
				7FBB59B8281BBCB200004410 /* Assets.xcassets */,
				7FBB59BA281BBCB200004410 /* LaunchScreen.storyboard */,
				7FBB59BD281BBCB200004410 /* Info.plist */,
			);
			path = NWF;
			sourceTree = "<group>";
		};
		7FBB59C7281C0E5D00004410 /* NewsModule */ = {
			isa = PBXGroup;
			children = (
				7F2F4BD62884386300660C6F /* View */,
				7F2F4BD72884386D00660C6F /* Model */,
				7F2F4BD82884387D00660C6F /* Presenter */,
			);
			path = NewsModule;
			sourceTree = "<group>";
		};
		7FBB59D2282000D300004410 /* WeatherModule */ = {
			isa = PBXGroup;
			children = (
				7F2F4BDB288438B300660C6F /* View */,
				7F2F4BDC288438BD00660C6F /* Model */,
				7F2F4BDD288438C800660C6F /* Presenter */,
			);
			path = WeatherModule;
			sourceTree = "<group>";
		};
		7FC75867283FABD00072E791 /* DetailNewsModule */ = {
			isa = PBXGroup;
			children = (
				7F2F4BD92884389500660C6F /* View */,
				7F2F4BDA2884389E00660C6F /* Presenter */,
			);
			path = DetailNewsModule;
			sourceTree = "<group>";
		};
/* End PBXGroup section */

/* Begin PBXNativeTarget section */
		7FBB59AB281BBCB000004410 /* NWF */ = {
			isa = PBXNativeTarget;
			buildConfigurationList = 7FBB59C0281BBCB200004410 /* Build configuration list for PBXNativeTarget "NWF" */;
			buildPhases = (
				7FBB59A8281BBCB000004410 /* Sources */,
				7FBB59A9281BBCB000004410 /* Frameworks */,
				7FBB59AA281BBCB000004410 /* Resources */,
			);
			buildRules = (
			);
			dependencies = (
			);
			name = NWF;
			productName = NWF;
			productReference = 7FBB59AC281BBCB000004410 /* NWF.app */;
			productType = "com.apple.product-type.application";
		};
/* End PBXNativeTarget section */

/* Begin PBXProject section */
		7FBB59A4281BBCB000004410 /* Project object */ = {
			isa = PBXProject;
			attributes = {
				BuildIndependentTargetsInParallel = 1;
				LastSwiftUpdateCheck = 1330;
				LastUpgradeCheck = 1330;
				TargetAttributes = {
					7FBB59AB281BBCB000004410 = {
						CreatedOnToolsVersion = 13.3;
					};
				};
			};
			buildConfigurationList = 7FBB59A7281BBCB000004410 /* Build configuration list for PBXProject "NWF" */;
			compatibilityVersion = "Xcode 13.0";
			developmentRegion = en;
			hasScannedForEncodings = 0;
			knownRegions = (
				en,
				Base,
			);
			mainGroup = 7FBB59A3281BBCB000004410;
			productRefGroup = 7FBB59AD281BBCB000004410 /* Products */;
			projectDirPath = "";
			projectRoot = "";
			targets = (
				7FBB59AB281BBCB000004410 /* NWF */,
			);
		};
/* End PBXProject section */

/* Begin PBXResourcesBuildPhase section */
		7FBB59AA281BBCB000004410 /* Resources */ = {
			isa = PBXResourcesBuildPhase;
			buildActionMask = 2147483647;
			files = (
				7FBB59BC281BBCB200004410 /* LaunchScreen.storyboard in Resources */,
				7FBB59B9281BBCB200004410 /* Assets.xcassets in Resources */,
				7FBB59B7281BBCB000004410 /* Main.storyboard in Resources */,
			);
			runOnlyForDeploymentPostprocessing = 0;
		};
/* End PBXResourcesBuildPhase section */

/* Begin PBXSourcesBuildPhase section */
		7FBB59A8281BBCB000004410 /* Sources */ = {
			isa = PBXSourcesBuildPhase;
			buildActionMask = 2147483647;
			files = (
				7F7AAFB2283119C200FF5AEE /* DetailWeatherForecastPresenter.swift in Sources */,
				7FBB59D12820003B00004410 /* WeatherForecast.swift in Sources */,
				7F7AAFB0283119A200FF5AEE /* DetailWeatherForecastViewController.swift in Sources */,
				7F2F4BE128843C5100660C6F /* NewsTableViewCell.swift in Sources */,
				7FBB59C6281BC85500004410 /* News.swift in Sources */,
				7FBB59B4281BBCB000004410 /* NewsViewController.swift in Sources */,
				7FBB59B0281BBCB000004410 /* AppDelegate.swift in Sources */,
				7FBB59B2281BBCB000004410 /* SceneDelegate.swift in Sources */,
				7FBB59D42820014E00004410 /* WeatherForecastPresenter.swift in Sources */,
				7FC75866283FABB90072E791 /* DetailNewsViewController.swift in Sources */,
				7FBB59CF281FF98B00004410 /* WeatherForecastViewController.swift in Sources */,
				7FBB59C4281BC6C800004410 /* NewsPresenter.swift in Sources */,
				7F7AAFB52835118A00FF5AEE /* Router.swift in Sources */,
				7F7AAFB728364CC700FF5AEE /* TwoLabelStack.swift in Sources */,
				7FBB59C9281C12C900004410 /* AssemblyModuleBuilder.swift in Sources */,
				7FBB59CD281D605900004410 /* NetworkService.swift in Sources */,
				7F7AAFAE282E792100FF5AEE /* WeatherForecastCollectionViewCell.swift in Sources */,
				7FC75869283FAC080072E791 /* DetailNewsPresenter.swift in Sources */,
			);
			runOnlyForDeploymentPostprocessing = 0;
		};
/* End PBXSourcesBuildPhase section */

/* Begin PBXVariantGroup section */
		7FBB59B5281BBCB000004410 /* Main.storyboard */ = {
			isa = PBXVariantGroup;
			children = (
				7FBB59B6281BBCB000004410 /* Base */,
			);
			name = Main.storyboard;
			sourceTree = "<group>";
		};
		7FBB59BA281BBCB200004410 /* LaunchScreen.storyboard */ = {
			isa = PBXVariantGroup;
			children = (
				7FBB59BB281BBCB200004410 /* Base */,
			);
			name = LaunchScreen.storyboard;
			sourceTree = "<group>";
		};
/* End PBXVariantGroup section */

/* Begin XCBuildConfiguration section */
		7FBB59BE281BBCB200004410 /* Debug */ = {
			isa = XCBuildConfiguration;
			buildSettings = {
				ALWAYS_SEARCH_USER_PATHS = NO;
				CLANG_ANALYZER_NONNULL = YES;
				CLANG_ANALYZER_NUMBER_OBJECT_CONVERSION = YES_AGGRESSIVE;
				CLANG_CXX_LANGUAGE_STANDARD = "gnu++17";
				CLANG_ENABLE_MODULES = YES;
				CLANG_ENABLE_OBJC_ARC = YES;
				CLANG_ENABLE_OBJC_WEAK = YES;
				CLANG_WARN_BLOCK_CAPTURE_AUTORELEASING = YES;
				CLANG_WARN_BOOL_CONVERSION = YES;
				CLANG_WARN_COMMA = YES;
				CLANG_WARN_CONSTANT_CONVERSION = YES;
				CLANG_WARN_DEPRECATED_OBJC_IMPLEMENTATIONS = YES;
				CLANG_WARN_DIRECT_OBJC_ISA_USAGE = YES_ERROR;
				CLANG_WARN_DOCUMENTATION_COMMENTS = YES;
				CLANG_WARN_EMPTY_BODY = YES;
				CLANG_WARN_ENUM_CONVERSION = YES;
				CLANG_WARN_INFINITE_RECURSION = YES;
				CLANG_WARN_INT_CONVERSION = YES;
				CLANG_WARN_NON_LITERAL_NULL_CONVERSION = YES;
				CLANG_WARN_OBJC_IMPLICIT_RETAIN_SELF = YES;
				CLANG_WARN_OBJC_LITERAL_CONVERSION = YES;
				CLANG_WARN_OBJC_ROOT_CLASS = YES_ERROR;
				CLANG_WARN_QUOTED_INCLUDE_IN_FRAMEWORK_HEADER = YES;
				CLANG_WARN_RANGE_LOOP_ANALYSIS = YES;
				CLANG_WARN_STRICT_PROTOTYPES = YES;
				CLANG_WARN_SUSPICIOUS_MOVE = YES;
				CLANG_WARN_UNGUARDED_AVAILABILITY = YES_AGGRESSIVE;
				CLANG_WARN_UNREACHABLE_CODE = YES;
				CLANG_WARN__DUPLICATE_METHOD_MATCH = YES;
				COPY_PHASE_STRIP = NO;
				DEBUG_INFORMATION_FORMAT = dwarf;
				ENABLE_STRICT_OBJC_MSGSEND = YES;
				ENABLE_TESTABILITY = YES;
				GCC_C_LANGUAGE_STANDARD = gnu11;
				GCC_DYNAMIC_NO_PIC = NO;
				GCC_NO_COMMON_BLOCKS = YES;
				GCC_OPTIMIZATION_LEVEL = 0;
				GCC_PREPROCESSOR_DEFINITIONS = (
					"DEBUG=1",
					"$(inherited)",
				);
				GCC_WARN_64_TO_32_BIT_CONVERSION = YES;
				GCC_WARN_ABOUT_RETURN_TYPE = YES_ERROR;
				GCC_WARN_UNDECLARED_SELECTOR = YES;
				GCC_WARN_UNINITIALIZED_AUTOS = YES_AGGRESSIVE;
				GCC_WARN_UNUSED_FUNCTION = YES;
				GCC_WARN_UNUSED_VARIABLE = YES;
				IPHONEOS_DEPLOYMENT_TARGET = 15.4;
				MTL_ENABLE_DEBUG_INFO = INCLUDE_SOURCE;
				MTL_FAST_MATH = YES;
				ONLY_ACTIVE_ARCH = YES;
				SDKROOT = iphoneos;
				SWIFT_ACTIVE_COMPILATION_CONDITIONS = DEBUG;
				SWIFT_OPTIMIZATION_LEVEL = "-Onone";
			};
			name = Debug;
		};
		7FBB59BF281BBCB200004410 /* Release */ = {
			isa = XCBuildConfiguration;
			buildSettings = {
				ALWAYS_SEARCH_USER_PATHS = NO;
				CLANG_ANALYZER_NONNULL = YES;
				CLANG_ANALYZER_NUMBER_OBJECT_CONVERSION = YES_AGGRESSIVE;
				CLANG_CXX_LANGUAGE_STANDARD = "gnu++17";
				CLANG_ENABLE_MODULES = YES;
				CLANG_ENABLE_OBJC_ARC = YES;
				CLANG_ENABLE_OBJC_WEAK = YES;
				CLANG_WARN_BLOCK_CAPTURE_AUTORELEASING = YES;
				CLANG_WARN_BOOL_CONVERSION = YES;
				CLANG_WARN_COMMA = YES;
				CLANG_WARN_CONSTANT_CONVERSION = YES;
				CLANG_WARN_DEPRECATED_OBJC_IMPLEMENTATIONS = YES;
				CLANG_WARN_DIRECT_OBJC_ISA_USAGE = YES_ERROR;
				CLANG_WARN_DOCUMENTATION_COMMENTS = YES;
				CLANG_WARN_EMPTY_BODY = YES;
				CLANG_WARN_ENUM_CONVERSION = YES;
				CLANG_WARN_INFINITE_RECURSION = YES;
				CLANG_WARN_INT_CONVERSION = YES;
				CLANG_WARN_NON_LITERAL_NULL_CONVERSION = YES;
				CLANG_WARN_OBJC_IMPLICIT_RETAIN_SELF = YES;
				CLANG_WARN_OBJC_LITERAL_CONVERSION = YES;
				CLANG_WARN_OBJC_ROOT_CLASS = YES_ERROR;
				CLANG_WARN_QUOTED_INCLUDE_IN_FRAMEWORK_HEADER = YES;
				CLANG_WARN_RANGE_LOOP_ANALYSIS = YES;
				CLANG_WARN_STRICT_PROTOTYPES = YES;
				CLANG_WARN_SUSPICIOUS_MOVE = YES;
				CLANG_WARN_UNGUARDED_AVAILABILITY = YES_AGGRESSIVE;
				CLANG_WARN_UNREACHABLE_CODE = YES;
				CLANG_WARN__DUPLICATE_METHOD_MATCH = YES;
				COPY_PHASE_STRIP = NO;
				DEBUG_INFORMATION_FORMAT = "dwarf-with-dsym";
				ENABLE_NS_ASSERTIONS = NO;
				ENABLE_STRICT_OBJC_MSGSEND = YES;
				GCC_C_LANGUAGE_STANDARD = gnu11;
				GCC_NO_COMMON_BLOCKS = YES;
				GCC_WARN_64_TO_32_BIT_CONVERSION = YES;
				GCC_WARN_ABOUT_RETURN_TYPE = YES_ERROR;
				GCC_WARN_UNDECLARED_SELECTOR = YES;
				GCC_WARN_UNINITIALIZED_AUTOS = YES_AGGRESSIVE;
				GCC_WARN_UNUSED_FUNCTION = YES;
				GCC_WARN_UNUSED_VARIABLE = YES;
				IPHONEOS_DEPLOYMENT_TARGET = 15.4;
				MTL_ENABLE_DEBUG_INFO = NO;
				MTL_FAST_MATH = YES;
				SDKROOT = iphoneos;
				SWIFT_COMPILATION_MODE = wholemodule;
				SWIFT_OPTIMIZATION_LEVEL = "-O";
				VALIDATE_PRODUCT = YES;
			};
			name = Release;
		};
		7FBB59C1281BBCB200004410 /* Debug */ = {
			isa = XCBuildConfiguration;
			buildSettings = {
				ASSETCATALOG_COMPILER_APPICON_NAME = AppIcon;
				ASSETCATALOG_COMPILER_GLOBAL_ACCENT_COLOR_NAME = AccentColor;
				CODE_SIGN_STYLE = Automatic;
				CURRENT_PROJECT_VERSION = 1;
				DEVELOPMENT_TEAM = UKNXQLTTMT;
				GENERATE_INFOPLIST_FILE = YES;
				INFOPLIST_FILE = NWF/Info.plist;
				INFOPLIST_KEY_UIApplicationSupportsIndirectInputEvents = YES;
				INFOPLIST_KEY_UILaunchStoryboardName = LaunchScreen;
				INFOPLIST_KEY_UIMainStoryboardFile = Main;
				INFOPLIST_KEY_UISupportedInterfaceOrientations_iPad = "UIInterfaceOrientationPortrait UIInterfaceOrientationPortraitUpsideDown UIInterfaceOrientationLandscapeLeft UIInterfaceOrientationLandscapeRight";
				INFOPLIST_KEY_UISupportedInterfaceOrientations_iPhone = "UIInterfaceOrientationPortrait UIInterfaceOrientationLandscapeLeft UIInterfaceOrientationLandscapeRight";
				LD_RUNPATH_SEARCH_PATHS = (
					"$(inherited)",
					"@executable_path/Frameworks",
				);
				MARKETING_VERSION = 1.0;
				PRODUCT_BUNDLE_IDENTIFIER = andandrew.NWF;
				PRODUCT_NAME = "$(TARGET_NAME)";
				SWIFT_EMIT_LOC_STRINGS = YES;
				SWIFT_VERSION = 5.0;
				TARGETED_DEVICE_FAMILY = "1,2";
			};
			name = Debug;
		};
		7FBB59C2281BBCB200004410 /* Release */ = {
			isa = XCBuildConfiguration;
			buildSettings = {
				ASSETCATALOG_COMPILER_APPICON_NAME = AppIcon;
				ASSETCATALOG_COMPILER_GLOBAL_ACCENT_COLOR_NAME = AccentColor;
				CODE_SIGN_STYLE = Automatic;
				CURRENT_PROJECT_VERSION = 1;
				DEVELOPMENT_TEAM = UKNXQLTTMT;
				GENERATE_INFOPLIST_FILE = YES;
				INFOPLIST_FILE = NWF/Info.plist;
				INFOPLIST_KEY_UIApplicationSupportsIndirectInputEvents = YES;
				INFOPLIST_KEY_UILaunchStoryboardName = LaunchScreen;
				INFOPLIST_KEY_UIMainStoryboardFile = Main;
				INFOPLIST_KEY_UISupportedInterfaceOrientations_iPad = "UIInterfaceOrientationPortrait UIInterfaceOrientationPortraitUpsideDown UIInterfaceOrientationLandscapeLeft UIInterfaceOrientationLandscapeRight";
				INFOPLIST_KEY_UISupportedInterfaceOrientations_iPhone = "UIInterfaceOrientationPortrait UIInterfaceOrientationLandscapeLeft UIInterfaceOrientationLandscapeRight";
				LD_RUNPATH_SEARCH_PATHS = (
					"$(inherited)",
					"@executable_path/Frameworks",
				);
				MARKETING_VERSION = 1.0;
				PRODUCT_BUNDLE_IDENTIFIER = andandrew.NWF;
				PRODUCT_NAME = "$(TARGET_NAME)";
				SWIFT_EMIT_LOC_STRINGS = YES;
				SWIFT_VERSION = 5.0;
				TARGETED_DEVICE_FAMILY = "1,2";
			};
			name = Release;
		};
/* End XCBuildConfiguration section */

/* Begin XCConfigurationList section */
		7FBB59A7281BBCB000004410 /* Build configuration list for PBXProject "NWF" */ = {
			isa = XCConfigurationList;
			buildConfigurations = (
				7FBB59BE281BBCB200004410 /* Debug */,
				7FBB59BF281BBCB200004410 /* Release */,
			);
			defaultConfigurationIsVisible = 0;
			defaultConfigurationName = Release;
		};
		7FBB59C0281BBCB200004410 /* Build configuration list for PBXNativeTarget "NWF" */ = {
			isa = XCConfigurationList;
			buildConfigurations = (
				7FBB59C1281BBCB200004410 /* Debug */,
				7FBB59C2281BBCB200004410 /* Release */,
			);
			defaultConfigurationIsVisible = 0;
			defaultConfigurationName = Release;
		};
/* End XCConfigurationList section */
	};
	rootObject = 7FBB59A4281BBCB000004410 /* Project object */;
}
